
Microsoft Visual Studio Solution File, Format Version 12.00
# Visual Studio Version 17
VisualStudioVersion = 17.9.34728.123
MinimumVisualStudioVersion = 10.0.40219.1
Project("{FAE04EC0-301F-11D3-BF4B-00C04F79EFBC}") = "BoiMela", "BoiMela.csproj", "{79FB810D-BA9C-4C5A-B58B-2858BDF3F836}"
EndProject
Global
	GlobalSection(SolutionConfigurationPlatforms) = preSolution
		Debug|Any CPU = Debug|Any CPU
		Release|Any CPU = Release|Any CPU
	EndGlobalSection
	GlobalSection(ProjectConfigurationPlatforms) = postSolution
		{79FB810D-BA9C-4C5A-B58B-2858BDF3F836}.Debug|Any CPU.ActiveCfg = Debug|Any CPU
		{79FB810D-BA9C-4C5A-B58B-2858BDF3F836}.Debug|Any CPU.Build.0 = Debug|Any CPU
		{79FB810D-BA9C-4C5A-B58B-2858BDF3F836}.Release|Any CPU.ActiveCfg = Release|Any CPU
		{79FB810D-BA9C-4C5A-B58B-2858BDF3F836}.Release|Any CPU.Build.0 = Release|Any CPU
	EndGlobalSection
	GlobalSection(SolutionProperties) = preSolution
		HideSolutionNode = FALSE
	EndGlobalSection
	GlobalSection(ExtensibilityGlobals) = postSolution
		SolutionGuid = {85D53535-CB5E-4219-8729-0DFFED9A5586}
	EndGlobalSection
EndGlobal
